
Microsoft Visual Studio Solution File, Format Version 12.00
# Visual Studio 14
VisualStudioVersion = 14.0.25420.1
MinimumVisualStudioVersion = 10.0.40219.1
Project("{FAE04EC0-301F-11D3-BF4B-00C04F79EFBC}") = "DAL", "DAL\DAL.csproj", "{6B064500-86AA-460A-8D3E-6FDFC8143E00}"
EndProject
Project("{FAE04EC0-301F-11D3-BF4B-00C04F79EFBC}") = "DomainEntity", "DomainEntity\DomainEntity.csproj", "{725A22E8-6FD5-40C2-BD7B-1A3F5A070FEA}"
EndProject
Project("{FAE04EC0-301F-11D3-BF4B-00C04F79EFBC}") = "Anket2", "Anket2\Anket2.csproj", "{E02A597A-881E-4005-902C-A05C5B47BC14}"
EndProject
Global
	GlobalSection(SolutionConfigurationPlatforms) = preSolution
		Debug|Any CPU = Debug|Any CPU
		Release|Any CPU = Release|Any CPU
	EndGlobalSection
	GlobalSection(ProjectConfigurationPlatforms) = postSolution
		{6B064500-86AA-460A-8D3E-6FDFC8143E00}.Debug|Any CPU.ActiveCfg = Debug|Any CPU
		{6B064500-86AA-460A-8D3E-6FDFC8143E00}.Debug|Any CPU.Build.0 = Debug|Any CPU
		{6B064500-86AA-460A-8D3E-6FDFC8143E00}.Release|Any CPU.ActiveCfg = Release|Any CPU
		{6B064500-86AA-460A-8D3E-6FDFC8143E00}.Release|Any CPU.Build.0 = Release|Any CPU
		{725A22E8-6FD5-40C2-BD7B-1A3F5A070FEA}.Debug|Any CPU.ActiveCfg = Debug|Any CPU
		{725A22E8-6FD5-40C2-BD7B-1A3F5A070FEA}.Debug|Any CPU.Build.0 = Debug|Any CPU
		{725A22E8-6FD5-40C2-BD7B-1A3F5A070FEA}.Release|Any CPU.ActiveCfg = Release|Any CPU
		{725A22E8-6FD5-40C2-BD7B-1A3F5A070FEA}.Release|Any CPU.Build.0 = Release|Any CPU
		{E02A597A-881E-4005-902C-A05C5B47BC14}.Debug|Any CPU.ActiveCfg = Debug|Any CPU
		{E02A597A-881E-4005-902C-A05C5B47BC14}.Debug|Any CPU.Build.0 = Debug|Any CPU
		{E02A597A-881E-4005-902C-A05C5B47BC14}.Release|Any CPU.ActiveCfg = Release|Any CPU
		{E02A597A-881E-4005-902C-A05C5B47BC14}.Release|Any CPU.Build.0 = Release|Any CPU
	EndGlobalSection
	GlobalSection(SolutionProperties) = preSolution
		HideSolutionNode = FALSE
	EndGlobalSection
EndGlobal
